
Microsoft Visual Studio Solution File, Format Version 12.00
# Visual Studio Version 17
VisualStudioVersion = 17.9.34728.123
MinimumVisualStudioVersion = 10.0.40219.1
Project("{FAE04EC0-301F-11D3-BF4B-00C04F79EFBC}") = "ManyToManyApp", "ManyToManyApp\ManyToManyApp.csproj", "{3EEA4ADC-C1E9-43EC-8132-C3B04AE13270}"
EndProject
Global
	GlobalSection(SolutionConfigurationPlatforms) = preSolution
		Debug|Any CPU = Debug|Any CPU
		Release|Any CPU = Release|Any CPU
	EndGlobalSection
	GlobalSection(ProjectConfigurationPlatforms) = postSolution
		{3EEA4ADC-C1E9-43EC-8132-C3B04AE13270}.Debug|Any CPU.ActiveCfg = Debug|Any CPU
		{3EEA4ADC-C1E9-43EC-8132-C3B04AE13270}.Debug|Any CPU.Build.0 = Debug|Any CPU
		{3EEA4ADC-C1E9-43EC-8132-C3B04AE13270}.Release|Any CPU.ActiveCfg = Release|Any CPU
		{3EEA4ADC-C1E9-43EC-8132-C3B04AE13270}.Release|Any CPU.Build.0 = Release|Any CPU
	EndGlobalSection
	GlobalSection(SolutionProperties) = preSolution
		HideSolutionNode = FALSE
	EndGlobalSection
	GlobalSection(ExtensibilityGlobals) = postSolution
		SolutionGuid = {ADC42D73-3A57-47A2-BFC9-A8A4F871530E}
	EndGlobalSection
EndGlobal
